
Microsoft Visual Studio Solution File, Format Version 12.00
# Visual Studio Version 17
VisualStudioVersion = 17.7.34009.444
MinimumVisualStudioVersion = 10.0.40219.1
Project("{FAE04EC0-301F-11D3-BF4B-00C04F79EFBC}") = "methodtask", "methodtask\methodtask.csproj", "{147B7316-1D33-46D4-8FDE-D2AFC6E0183D}"
EndProject
Global
	GlobalSection(SolutionConfigurationPlatforms) = preSolution
		Debug|Any CPU = Debug|Any CPU
		Release|Any CPU = Release|Any CPU
	EndGlobalSection
	GlobalSection(ProjectConfigurationPlatforms) = postSolution
		{147B7316-1D33-46D4-8FDE-D2AFC6E0183D}.Debug|Any CPU.ActiveCfg = Debug|Any CPU
		{147B7316-1D33-46D4-8FDE-D2AFC6E0183D}.Debug|Any CPU.Build.0 = Debug|Any CPU
		{147B7316-1D33-46D4-8FDE-D2AFC6E0183D}.Release|Any CPU.ActiveCfg = Release|Any CPU
		{147B7316-1D33-46D4-8FDE-D2AFC6E0183D}.Release|Any CPU.Build.0 = Release|Any CPU
	EndGlobalSection
	GlobalSection(SolutionProperties) = preSolution
		HideSolutionNode = FALSE
	EndGlobalSection
	GlobalSection(ExtensibilityGlobals) = postSolution
		SolutionGuid = {38827362-3823-4D98-AE88-55076E88E16C}
	EndGlobalSection
EndGlobal
